version: 1.0
shards:
  kemal:
    github: sdogruyol/kemal
    commit: de98236fc4fa3f52e803cd79261808cba3834ab5

  kilt:
    github: jeromegn/kilt
    version: 0.3.3

  radix:
    github: luislavena/radix
    version: 0.1.1

  slang:
    github: jeromegn/slang
    version: 1.2.0

  sqlite3:
    github: manastech/crystal-sqlite3
    version: 0.2.0

